// !$*UTF8*$!
{
	archiveVersion = 1;
	classes = {
	};
	objectVersion = 46;
	objects = {

/* Begin PBXBuildFile section */
		185A0A121A7EA2F8007F2177 /* Constants.m in Sources */ = {isa = PBXBuildFile; fileRef = 185A0A111A7EA2F8007F2177 /* Constants.m */; };
		186DDF3B1A78271100B4EF16 /* remote.gif in Resources */ = {isa = PBXBuildFile; fileRef = 186DDF3A1A78271100B4EF16 /* remote.gif */; };
		186DDF3D1A7828FB00B4EF16 /* remote-enabled.png in Resources */ = {isa = PBXBuildFile; fileRef = 186DDF3C1A7828FA00B4EF16 /* remote-enabled.png */; };
		186DDF3F1A78297800B4EF16 /* exit.png in Resources */ = {isa = PBXBuildFile; fileRef = 186DDF3E1A78297800B4EF16 /* exit.png */; };
		1873CDA21A7305A100D8CBC0 /* check.png in Resources */ = {isa = PBXBuildFile; fileRef = 1873CDA11A7305A100D8CBC0 /* check.png */; };
		18956B891A76D0FC00C388B5 /* purple-glow.png in Resources */ = {isa = PBXBuildFile; fileRef = 18956B881A76D0FC00C388B5 /* purple-glow.png */; };
		18956B901A770B8E00C388B5 /* dot.png in Resources */ = {isa = PBXBuildFile; fileRef = 18956B8F1A770B8E00C388B5 /* dot.png */; };
		18956B921A7734C200C388B5 /* remote.png in Resources */ = {isa = PBXBuildFile; fileRef = 18956B911A7734C200C388B5 /* remote.png */; };
		18A897561A7C0CAC006C5ACF /* purple-grad.png in Resources */ = {isa = PBXBuildFile; fileRef = 18A897551A7C0CAC006C5ACF /* purple-grad.png */; };
		18EC3CBC1A65F64B00AFD97F /* main.m in Sources */ = {isa = PBXBuildFile; fileRef = 18EC3CBB1A65F64B00AFD97F /* main.m */; };
		18EC3CBF1A65F64B00AFD97F /* AppDelegate.m in Sources */ = {isa = PBXBuildFile; fileRef = 18EC3CBE1A65F64B00AFD97F /* AppDelegate.m */; };
		18EC3CC21A65F64C00AFD97F /* TheSetList.xcdatamodeld in Sources */ = {isa = PBXBuildFile; fileRef = 18EC3CC01A65F64C00AFD97F /* TheSetList.xcdatamodeld */; };
		18EC3CC81A65F64C00AFD97F /* Main.storyboard in Resources */ = {isa = PBXBuildFile; fileRef = 18EC3CC61A65F64C00AFD97F /* Main.storyboard */; };
		18EC3CCA1A65F64C00AFD97F /* Images.xcassets in Resources */ = {isa = PBXBuildFile; fileRef = 18EC3CC91A65F64C00AFD97F /* Images.xcassets */; };
		18EC3CCD1A65F64C00AFD97F /* LaunchScreen.xib in Resources */ = {isa = PBXBuildFile; fileRef = 18EC3CCB1A65F64C00AFD97F /* LaunchScreen.xib */; };
		18EC3CD91A65F64C00AFD97F /* TheSetListTests.m in Sources */ = {isa = PBXBuildFile; fileRef = 18EC3CD81A65F64C00AFD97F /* TheSetListTests.m */; };
		18EC3CE31A65F80800AFD97F /* AVFoundation.framework in Frameworks */ = {isa = PBXBuildFile; fileRef = 18EC3CE21A65F80800AFD97F /* AVFoundation.framework */; };
		18EC3CE51A65F80F00AFD97F /* UIKit.framework in Frameworks */ = {isa = PBXBuildFile; fileRef = 18EC3CE41A65F80F00AFD97F /* UIKit.framework */; };
		18EC3CE71A65F83800AFD97F /* Foundation.framework in Frameworks */ = {isa = PBXBuildFile; fileRef = 18EC3CE61A65F83800AFD97F /* Foundation.framework */; };
		18EC3CE91A65F84200AFD97F /* CoreGraphics.framework in Frameworks */ = {isa = PBXBuildFile; fileRef = 18EC3CE81A65F84200AFD97F /* CoreGraphics.framework */; };
		18EC3CEB1A65F84C00AFD97F /* CoreFoundation.framework in Frameworks */ = {isa = PBXBuildFile; fileRef = 18EC3CEA1A65F84C00AFD97F /* CoreFoundation.framework */; };
		18EC3CF31A66047200AFD97F /* NameCreationViewController.m in Sources */ = {isa = PBXBuildFile; fileRef = 18EC3CF21A66047200AFD97F /* NameCreationViewController.m */; };
		18EC3CF41A660AF900AFD97F /* Lobster-Regular.ttf in Resources */ = {isa = PBXBuildFile; fileRef = 18EC3CEF1A65FF2400AFD97F /* Lobster-Regular.ttf */; };
		18EC3CF61A672C4100AFD97F /* set-list_Load up.png in Resources */ = {isa = PBXBuildFile; fileRef = 18EC3CF51A672C4100AFD97F /* set-list_Load up.png */; };
		18EC3D001A67413B00AFD97F /* SetListRoomViewController.m in Sources */ = {isa = PBXBuildFile; fileRef = 18EC3CFF1A67413B00AFD97F /* SetListRoomViewController.m */; };
		18EC3D021A6B10FF00AFD97F /* ironAndWineCoverArt.jpg in Resources */ = {isa = PBXBuildFile; fileRef = 18EC3D011A6B10FF00AFD97F /* ironAndWineCoverArt.jpg */; };
		18EC3D041A6B135B00AFD97F /* ironAndWineShepardArt.jpg in Resources */ = {isa = PBXBuildFile; fileRef = 18EC3D031A6B135B00AFD97F /* ironAndWineShepardArt.jpg */; };
		18EC3D071A6C67E200AFD97F /* SetListTableViewCell.m in Sources */ = {isa = PBXBuildFile; fileRef = 18EC3D061A6C67E100AFD97F /* SetListTableViewCell.m */; };
		18EC3D0B1A6C699400AFD97F /* SocketKeeperSingleton.m in Sources */ = {isa = PBXBuildFile; fileRef = 18EC3D0A1A6C699400AFD97F /* SocketKeeperSingleton.m */; };
		18EC3D0D1A6CAC6500AFD97F /* QuartzCore.framework in Frameworks */ = {isa = PBXBuildFile; fileRef = 18EC3D0C1A6CAC6500AFD97F /* QuartzCore.framework */; };
		18EC3D121A6CC59200AFD97F /* CoreImage.framework in Frameworks */ = {isa = PBXBuildFile; fileRef = 18EC3D111A6CC59200AFD97F /* CoreImage.framework */; };
		18EC3D191A70535600AFD97F /* RadialGradiantView.m in Sources */ = {isa = PBXBuildFile; fileRef = 18EC3D181A70535600AFD97F /* RadialGradiantView.m */; };
		18EC3D1F1A7069B400AFD97F /* SetListLogo.png in Resources */ = {isa = PBXBuildFile; fileRef = 18EC3D1E1A7069B400AFD97F /* SetListLogo.png */; };
		CAF0D48BB6C043B495E885D0 /* libPods.a in Frameworks */ = {isa = PBXBuildFile; fileRef = E745CD09AABC4F2F8EBCDB86 /* libPods.a */; };
/* End PBXBuildFile section */

/* Begin PBXContainerItemProxy section */
		18EC3CD31A65F64C00AFD97F /* PBXContainerItemProxy */ = {
			isa = PBXContainerItemProxy;
			containerPortal = 18EC3CAE1A65F64B00AFD97F /* Project object */;
			proxyType = 1;
			remoteGlobalIDString = 18EC3CB51A65F64B00AFD97F;
			remoteInfo = TheSetList;
		};
/* End PBXContainerItemProxy section */

/* Begin PBXFileReference section */
		1838799C1A75810200244B3E /* Accelerate.framework */ = {isa = PBXFileReference; lastKnownFileType = wrapper.framework; name = Accelerate.framework; path = System/Library/Frameworks/Accelerate.framework; sourceTree = SDKROOT; };
		185A0A101A7EA2F8007F2177 /* Constants.h */ = {isa = PBXFileReference; fileEncoding = 4; lastKnownFileType = sourcecode.c.h; path = Constants.h; sourceTree = "<group>"; };
		185A0A111A7EA2F8007F2177 /* Constants.m */ = {isa = PBXFileReference; fileEncoding = 4; lastKnownFileType = sourcecode.c.objc; path = Constants.m; sourceTree = "<group>"; };
		186DDF3A1A78271100B4EF16 /* remote.gif */ = {isa = PBXFileReference; lastKnownFileType = image.gif; path = remote.gif; sourceTree = "<group>"; };
		186DDF3C1A7828FA00B4EF16 /* remote-enabled.png */ = {isa = PBXFileReference; lastKnownFileType = image.png; path = "remote-enabled.png"; sourceTree = "<group>"; };
		186DDF3E1A78297800B4EF16 /* exit.png */ = {isa = PBXFileReference; lastKnownFileType = image.png; path = exit.png; sourceTree = "<group>"; };
		1873CDA11A7305A100D8CBC0 /* check.png */ = {isa = PBXFileReference; lastKnownFileType = image.png; path = check.png; sourceTree = "<group>"; };
		18956B881A76D0FC00C388B5 /* purple-glow.png */ = {isa = PBXFileReference; lastKnownFileType = image.png; path = "purple-glow.png"; sourceTree = "<group>"; };
		18956B8F1A770B8E00C388B5 /* dot.png */ = {isa = PBXFileReference; lastKnownFileType = image.png; path = dot.png; sourceTree = "<group>"; };
		18956B911A7734C200C388B5 /* remote.png */ = {isa = PBXFileReference; lastKnownFileType = image.png; path = remote.png; sourceTree = "<group>"; };
		18A897551A7C0CAC006C5ACF /* purple-grad.png */ = {isa = PBXFileReference; lastKnownFileType = image.png; path = "purple-grad.png"; sourceTree = "<group>"; };
		18EC3CB61A65F64B00AFD97F /* TheSetList.app */ = {isa = PBXFileReference; explicitFileType = wrapper.application; includeInIndex = 0; path = TheSetList.app; sourceTree = BUILT_PRODUCTS_DIR; };
		18EC3CBA1A65F64B00AFD97F /* Info.plist */ = {isa = PBXFileReference; lastKnownFileType = text.plist.xml; path = Info.plist; sourceTree = "<group>"; };
		18EC3CBB1A65F64B00AFD97F /* main.m */ = {isa = PBXFileReference; lastKnownFileType = sourcecode.c.objc; path = main.m; sourceTree = "<group>"; };
		18EC3CBD1A65F64B00AFD97F /* AppDelegate.h */ = {isa = PBXFileReference; lastKnownFileType = sourcecode.c.h; path = AppDelegate.h; sourceTree = "<group>"; };
		18EC3CBE1A65F64B00AFD97F /* AppDelegate.m */ = {isa = PBXFileReference; lastKnownFileType = sourcecode.c.objc; path = AppDelegate.m; sourceTree = "<group>"; };
		18EC3CC11A65F64C00AFD97F /* TheSetList.xcdatamodel */ = {isa = PBXFileReference; lastKnownFileType = wrapper.xcdatamodel; path = TheSetList.xcdatamodel; sourceTree = "<group>"; };
		18EC3CC71A65F64C00AFD97F /* Base */ = {isa = PBXFileReference; lastKnownFileType = file.storyboard; name = Base; path = Base.lproj/Main.storyboard; sourceTree = "<group>"; };
		18EC3CC91A65F64C00AFD97F /* Images.xcassets */ = {isa = PBXFileReference; lastKnownFileType = folder.assetcatalog; path = Images.xcassets; sourceTree = "<group>"; };
		18EC3CCC1A65F64C00AFD97F /* Base */ = {isa = PBXFileReference; lastKnownFileType = file.xib; name = Base; path = Base.lproj/LaunchScreen.xib; sourceTree = "<group>"; };
		18EC3CD21A65F64C00AFD97F /* TheSetListTests.xctest */ = {isa = PBXFileReference; explicitFileType = wrapper.cfbundle; includeInIndex = 0; path = TheSetListTests.xctest; sourceTree = BUILT_PRODUCTS_DIR; };
		18EC3CD71A65F64C00AFD97F /* Info.plist */ = {isa = PBXFileReference; lastKnownFileType = text.plist.xml; path = Info.plist; sourceTree = "<group>"; };
		18EC3CD81A65F64C00AFD97F /* TheSetListTests.m */ = {isa = PBXFileReference; lastKnownFileType = sourcecode.c.objc; path = TheSetListTests.m; sourceTree = "<group>"; };
		18EC3CE21A65F80800AFD97F /* AVFoundation.framework */ = {isa = PBXFileReference; lastKnownFileType = wrapper.framework; name = AVFoundation.framework; path = System/Library/Frameworks/AVFoundation.framework; sourceTree = SDKROOT; };
		18EC3CE41A65F80F00AFD97F /* UIKit.framework */ = {isa = PBXFileReference; lastKnownFileType = wrapper.framework; name = UIKit.framework; path = System/Library/Frameworks/UIKit.framework; sourceTree = SDKROOT; };
		18EC3CE61A65F83800AFD97F /* Foundation.framework */ = {isa = PBXFileReference; lastKnownFileType = wrapper.framework; name = Foundation.framework; path = System/Library/Frameworks/Foundation.framework; sourceTree = SDKROOT; };
		18EC3CE81A65F84200AFD97F /* CoreGraphics.framework */ = {isa = PBXFileReference; lastKnownFileType = wrapper.framework; name = CoreGraphics.framework; path = System/Library/Frameworks/CoreGraphics.framework; sourceTree = SDKROOT; };
		18EC3CEA1A65F84C00AFD97F /* CoreFoundation.framework */ = {isa = PBXFileReference; lastKnownFileType = wrapper.framework; name = CoreFoundation.framework; path = System/Library/Frameworks/CoreFoundation.framework; sourceTree = SDKROOT; };
		18EC3CEF1A65FF2400AFD97F /* Lobster-Regular.ttf */ = {isa = PBXFileReference; lastKnownFileType = file; path = "Lobster-Regular.ttf"; sourceTree = "<group>"; };
		18EC3CF11A66047200AFD97F /* NameCreationViewController.h */ = {isa = PBXFileReference; fileEncoding = 4; lastKnownFileType = sourcecode.c.h; path = NameCreationViewController.h; sourceTree = "<group>"; };
		18EC3CF21A66047200AFD97F /* NameCreationViewController.m */ = {isa = PBXFileReference; fileEncoding = 4; lastKnownFileType = sourcecode.c.objc; path = NameCreationViewController.m; sourceTree = "<group>"; };
		18EC3CF51A672C4100AFD97F /* set-list_Load up.png */ = {isa = PBXFileReference; lastKnownFileType = image.png; name = "set-list_Load up.png"; path = "../set-list_Load up.png"; sourceTree = "<group>"; };
		18EC3CFE1A67413B00AFD97F /* SetListRoomViewController.h */ = {isa = PBXFileReference; fileEncoding = 4; lastKnownFileType = sourcecode.c.h; path = SetListRoomViewController.h; sourceTree = "<group>"; };
		18EC3CFF1A67413B00AFD97F /* SetListRoomViewController.m */ = {isa = PBXFileReference; fileEncoding = 4; lastKnownFileType = sourcecode.c.objc; path = SetListRoomViewController.m; sourceTree = "<group>"; };
		18EC3D011A6B10FF00AFD97F /* ironAndWineCoverArt.jpg */ = {isa = PBXFileReference; lastKnownFileType = image.jpeg; path = ironAndWineCoverArt.jpg; sourceTree = "<group>"; };
		18EC3D031A6B135B00AFD97F /* ironAndWineShepardArt.jpg */ = {isa = PBXFileReference; lastKnownFileType = image.jpeg; path = ironAndWineShepardArt.jpg; sourceTree = "<group>"; };
		18EC3D051A6C67E100AFD97F /* SetListTableViewCell.h */ = {isa = PBXFileReference; fileEncoding = 4; lastKnownFileType = sourcecode.c.h; path = SetListTableViewCell.h; sourceTree = "<group>"; };
		18EC3D061A6C67E100AFD97F /* SetListTableViewCell.m */ = {isa = PBXFileReference; fileEncoding = 4; lastKnownFileType = sourcecode.c.objc; path = SetListTableViewCell.m; sourceTree = "<group>"; };
		18EC3D091A6C699400AFD97F /* SocketKeeperSingleton.h */ = {isa = PBXFileReference; fileEncoding = 4; lastKnownFileType = sourcecode.c.h; path = SocketKeeperSingleton.h; sourceTree = "<group>"; };
		18EC3D0A1A6C699400AFD97F /* SocketKeeperSingleton.m */ = {isa = PBXFileReference; fileEncoding = 4; lastKnownFileType = sourcecode.c.objc; path = SocketKeeperSingleton.m; sourceTree = "<group>"; };
		18EC3D0C1A6CAC6500AFD97F /* QuartzCore.framework */ = {isa = PBXFileReference; lastKnownFileType = wrapper.framework; name = QuartzCore.framework; path = System/Library/Frameworks/QuartzCore.framework; sourceTree = SDKROOT; };
		18EC3D111A6CC59200AFD97F /* CoreImage.framework */ = {isa = PBXFileReference; lastKnownFileType = wrapper.framework; name = CoreImage.framework; path = System/Library/Frameworks/CoreImage.framework; sourceTree = SDKROOT; };
		18EC3D171A70535500AFD97F /* RadialGradiantView.h */ = {isa = PBXFileReference; fileEncoding = 4; lastKnownFileType = sourcecode.c.h; path = RadialGradiantView.h; sourceTree = "<group>"; };
		18EC3D181A70535600AFD97F /* RadialGradiantView.m */ = {isa = PBXFileReference; fileEncoding = 4; lastKnownFileType = sourcecode.c.objc; path = RadialGradiantView.m; sourceTree = "<group>"; };
		18EC3D1E1A7069B400AFD97F /* SetListLogo.png */ = {isa = PBXFileReference; lastKnownFileType = image.png; path = SetListLogo.png; sourceTree = "<group>"; };
		607F341F35CA4F98B365C0AC /* Pods.xcconfig */ = {isa = PBXFileReference; includeInIndex = 1; lastKnownFileType = text.xcconfig; name = Pods.xcconfig; path = Pods/Pods.xcconfig; sourceTree = "<group>"; };
		E745CD09AABC4F2F8EBCDB86 /* libPods.a */ = {isa = PBXFileReference; explicitFileType = archive.ar; includeInIndex = 0; path = libPods.a; sourceTree = BUILT_PRODUCTS_DIR; };
/* End PBXFileReference section */

/* Begin PBXFrameworksBuildPhase section */
		18EC3CB31A65F64B00AFD97F /* Frameworks */ = {
			isa = PBXFrameworksBuildPhase;
			buildActionMask = 2147483647;
			files = (
				18EC3D121A6CC59200AFD97F /* CoreImage.framework in Frameworks */,
				18EC3D0D1A6CAC6500AFD97F /* QuartzCore.framework in Frameworks */,
				18EC3CEB1A65F84C00AFD97F /* CoreFoundation.framework in Frameworks */,
				18EC3CE91A65F84200AFD97F /* CoreGraphics.framework in Frameworks */,
				18EC3CE71A65F83800AFD97F /* Foundation.framework in Frameworks */,
				18EC3CE51A65F80F00AFD97F /* UIKit.framework in Frameworks */,
				18EC3CE31A65F80800AFD97F /* AVFoundation.framework in Frameworks */,
				CAF0D48BB6C043B495E885D0 /* libPods.a in Frameworks */,
			);
			runOnlyForDeploymentPostprocessing = 0;
		};
		18EC3CCF1A65F64C00AFD97F /* Frameworks */ = {
			isa = PBXFrameworksBuildPhase;
			buildActionMask = 2147483647;
			files = (
			);
			runOnlyForDeploymentPostprocessing = 0;
		};
/* End PBXFrameworksBuildPhase section */

/* Begin PBXGroup section */
		18EC3CAD1A65F64B00AFD97F = {
			isa = PBXGroup;
			children = (
				18EC3CB81A65F64B00AFD97F /* TheSetList */,
				18EC3CD51A65F64C00AFD97F /* TheSetListTests */,
				18EC3CB71A65F64B00AFD97F /* Products */,
				18EC3CEC1A65F89100AFD97F /* Frameworks */,
				607F341F35CA4F98B365C0AC /* Pods.xcconfig */,
				18EC3CF01A65FF6000AFD97F /* Fonts */,
			);
			sourceTree = "<group>";
		};
		18EC3CB71A65F64B00AFD97F /* Products */ = {
			isa = PBXGroup;
			children = (
				18EC3CB61A65F64B00AFD97F /* TheSetList.app */,
				18EC3CD21A65F64C00AFD97F /* TheSetListTests.xctest */,
			);
			name = Products;
			sourceTree = "<group>";
		};
		18EC3CB81A65F64B00AFD97F /* TheSetList */ = {
			isa = PBXGroup;
			children = (
				18EC3CBD1A65F64B00AFD97F /* AppDelegate.h */,
				18EC3CBE1A65F64B00AFD97F /* AppDelegate.m */,
				18EC3CC61A65F64C00AFD97F /* Main.storyboard */,
				18EC3D1A1A70536E00AFD97F /* Subviews */,
				18EC3CF11A66047200AFD97F /* NameCreationViewController.h */,
				18EC3CF21A66047200AFD97F /* NameCreationViewController.m */,
				18EC3D081A6C68B500AFD97F /* SetList View Controller */,
				18EC3D091A6C699400AFD97F /* SocketKeeperSingleton.h */,
				18EC3D0A1A6C699400AFD97F /* SocketKeeperSingleton.m */,
				18EC3CC91A65F64C00AFD97F /* Images.xcassets */,
				18EC3CCB1A65F64C00AFD97F /* LaunchScreen.xib */,
				18EC3CC01A65F64C00AFD97F /* TheSetList.xcdatamodeld */,
				18EC3CB91A65F64B00AFD97F /* Supporting Files */,
			);
			path = TheSetList;
			sourceTree = "<group>";
		};
		18EC3CB91A65F64B00AFD97F /* Supporting Files */ = {
			isa = PBXGroup;
			children = (
				185A0A101A7EA2F8007F2177 /* Constants.h */,
				185A0A111A7EA2F8007F2177 /* Constants.m */,
				18A897551A7C0CAC006C5ACF /* purple-grad.png */,
				186DDF3E1A78297800B4EF16 /* exit.png */,
				186DDF3C1A7828FA00B4EF16 /* remote-enabled.png */,
				186DDF3A1A78271100B4EF16 /* remote.gif */,
				18956B911A7734C200C388B5 /* remote.png */,
				18956B8F1A770B8E00C388B5 /* dot.png */,
				18956B881A76D0FC00C388B5 /* purple-glow.png */,
				1873CDA11A7305A100D8CBC0 /* check.png */,
				18EC3CF51A672C4100AFD97F /* set-list_Load up.png */,
				18EC3D1E1A7069B400AFD97F /* SetListLogo.png */,
				18EC3D031A6B135B00AFD97F /* ironAndWineShepardArt.jpg */,
				18EC3D011A6B10FF00AFD97F /* ironAndWineCoverArt.jpg */,
				18EC3CBA1A65F64B00AFD97F /* Info.plist */,
				18EC3CBB1A65F64B00AFD97F /* main.m */,
			);
			name = "Supporting Files";
			sourceTree = "<group>";
		};
		18EC3CD51A65F64C00AFD97F /* TheSetListTests */ = {
			isa = PBXGroup;
			children = (
				18EC3CD81A65F64C00AFD97F /* TheSetListTests.m */,
				18EC3CD61A65F64C00AFD97F /* Supporting Files */,
			);
			path = TheSetListTests;
			sourceTree = "<group>";
		};
		18EC3CD61A65F64C00AFD97F /* Supporting Files */ = {
			isa = PBXGroup;
			children = (
				18EC3CD71A65F64C00AFD97F /* Info.plist */,
			);
			name = "Supporting Files";
			sourceTree = "<group>";
		};
		18EC3CEC1A65F89100AFD97F /* Frameworks */ = {
			isa = PBXGroup;
			children = (
				1838799C1A75810200244B3E /* Accelerate.framework */,
				18EC3D111A6CC59200AFD97F /* CoreImage.framework */,
				18EC3D0C1A6CAC6500AFD97F /* QuartzCore.framework */,
				18EC3CEA1A65F84C00AFD97F /* CoreFoundation.framework */,
				18EC3CE81A65F84200AFD97F /* CoreGraphics.framework */,
				18EC3CE61A65F83800AFD97F /* Foundation.framework */,
				18EC3CE41A65F80F00AFD97F /* UIKit.framework */,
				18EC3CE21A65F80800AFD97F /* AVFoundation.framework */,
				E745CD09AABC4F2F8EBCDB86 /* libPods.a */,
			);
			name = Frameworks;
			sourceTree = "<group>";
		};
		18EC3CF01A65FF6000AFD97F /* Fonts */ = {
			isa = PBXGroup;
			children = (
				18EC3CEF1A65FF2400AFD97F /* Lobster-Regular.ttf */,
			);
			name = Fonts;
			sourceTree = "<group>";
		};
		18EC3D081A6C68B500AFD97F /* SetList View Controller */ = {
			isa = PBXGroup;
			children = (
				18EC3CFE1A67413B00AFD97F /* SetListRoomViewController.h */,
				18EC3CFF1A67413B00AFD97F /* SetListRoomViewController.m */,
				18EC3D051A6C67E100AFD97F /* SetListTableViewCell.h */,
				18EC3D061A6C67E100AFD97F /* SetListTableViewCell.m */,
			);
			name = "SetList View Controller";
			sourceTree = "<group>";
		};
		18EC3D1A1A70536E00AFD97F /* Subviews */ = {
			isa = PBXGroup;
			children = (
				18EC3D171A70535500AFD97F /* RadialGradiantView.h */,
				18EC3D181A70535600AFD97F /* RadialGradiantView.m */,
			);
			name = Subviews;
			sourceTree = "<group>";
		};
/* End PBXGroup section */

/* Begin PBXNativeTarget section */
		18EC3CB51A65F64B00AFD97F /* TheSetList */ = {
			isa = PBXNativeTarget;
			buildConfigurationList = 18EC3CDC1A65F64C00AFD97F /* Build configuration list for PBXNativeTarget "TheSetList" */;
			buildPhases = (
				7203D257CB9C49DDADB56843 /* Check Pods Manifest.lock */,
				18EC3CB21A65F64B00AFD97F /* Sources */,
				18EC3CB31A65F64B00AFD97F /* Frameworks */,
				18EC3CB41A65F64B00AFD97F /* Resources */,
				2558EDB8AF9F47FD8E3E80CD /* Copy Pods Resources */,
			);
			buildRules = (
			);
			dependencies = (
			);
			name = TheSetList;
			productName = TheSetList;
			productReference = 18EC3CB61A65F64B00AFD97F /* TheSetList.app */;
			productType = "com.apple.product-type.application";
		};
		18EC3CD11A65F64C00AFD97F /* TheSetListTests */ = {
			isa = PBXNativeTarget;
			buildConfigurationList = 18EC3CDF1A65F64C00AFD97F /* Build configuration list for PBXNativeTarget "TheSetListTests" */;
			buildPhases = (
				18EC3CCE1A65F64C00AFD97F /* Sources */,
				18EC3CCF1A65F64C00AFD97F /* Frameworks */,
				18EC3CD01A65F64C00AFD97F /* Resources */,
			);
			buildRules = (
			);
			dependencies = (
				18EC3CD41A65F64C00AFD97F /* PBXTargetDependency */,
			);
			name = TheSetListTests;
			productName = TheSetListTests;
			productReference = 18EC3CD21A65F64C00AFD97F /* TheSetListTests.xctest */;
			productType = "com.apple.product-type.bundle.unit-test";
		};
/* End PBXNativeTarget section */

/* Begin PBXProject section */
		18EC3CAE1A65F64B00AFD97F /* Project object */ = {
			isa = PBXProject;
			attributes = {
				LastUpgradeCheck = 0610;
				ORGANIZATIONNAME = "Andrew Friedman";
				TargetAttributes = {
					18EC3CB51A65F64B00AFD97F = {
						CreatedOnToolsVersion = 6.1.1;
						DevelopmentTeam = 7757B4WUKZ;
					};
					18EC3CD11A65F64C00AFD97F = {
						CreatedOnToolsVersion = 6.1.1;
						TestTargetID = 18EC3CB51A65F64B00AFD97F;
					};
				};
			};
			buildConfigurationList = 18EC3CB11A65F64B00AFD97F /* Build configuration list for PBXProject "TheSetList" */;
			compatibilityVersion = "Xcode 3.2";
			developmentRegion = English;
			hasScannedForEncodings = 0;
			knownRegions = (
				en,
				Base,
			);
			mainGroup = 18EC3CAD1A65F64B00AFD97F;
			productRefGroup = 18EC3CB71A65F64B00AFD97F /* Products */;
			projectDirPath = "";
			projectRoot = "";
			targets = (
				18EC3CB51A65F64B00AFD97F /* TheSetList */,
				18EC3CD11A65F64C00AFD97F /* TheSetListTests */,
			);
		};
/* End PBXProject section */

/* Begin PBXResourcesBuildPhase section */
		18EC3CB41A65F64B00AFD97F /* Resources */ = {
			isa = PBXResourcesBuildPhase;
			buildActionMask = 2147483647;
			files = (
				1873CDA21A7305A100D8CBC0 /* check.png in Resources */,
				18956B921A7734C200C388B5 /* remote.png in Resources */,
				18EC3D021A6B10FF00AFD97F /* ironAndWineCoverArt.jpg in Resources */,
				18EC3CF41A660AF900AFD97F /* Lobster-Regular.ttf in Resources */,
				186DDF3B1A78271100B4EF16 /* remote.gif in Resources */,
				18A897561A7C0CAC006C5ACF /* purple-grad.png in Resources */,
				18EC3CC81A65F64C00AFD97F /* Main.storyboard in Resources */,
				18EC3D1F1A7069B400AFD97F /* SetListLogo.png in Resources */,
				18EC3CCD1A65F64C00AFD97F /* LaunchScreen.xib in Resources */,
				18EC3CF61A672C4100AFD97F /* set-list_Load up.png in Resources */,
				18EC3CCA1A65F64C00AFD97F /* Images.xcassets in Resources */,
				18956B901A770B8E00C388B5 /* dot.png in Resources */,
				186DDF3F1A78297800B4EF16 /* exit.png in Resources */,
				186DDF3D1A7828FB00B4EF16 /* remote-enabled.png in Resources */,
				18956B891A76D0FC00C388B5 /* purple-glow.png in Resources */,
				18EC3D041A6B135B00AFD97F /* ironAndWineShepardArt.jpg in Resources */,
			);
			runOnlyForDeploymentPostprocessing = 0;
		};
		18EC3CD01A65F64C00AFD97F /* Resources */ = {
			isa = PBXResourcesBuildPhase;
			buildActionMask = 2147483647;
			files = (
			);
			runOnlyForDeploymentPostprocessing = 0;
		};
/* End PBXResourcesBuildPhase section */

/* Begin PBXShellScriptBuildPhase section */
		2558EDB8AF9F47FD8E3E80CD /* Copy Pods Resources */ = {
			isa = PBXShellScriptBuildPhase;
			buildActionMask = 2147483647;
			files = (
			);
			inputPaths = (
			);
			name = "Copy Pods Resources";
			outputPaths = (
			);
			runOnlyForDeploymentPostprocessing = 0;
			shellPath = /bin/sh;
			shellScript = "\"${SRCROOT}/Pods/Pods-resources.sh\"\n";
			showEnvVarsInLog = 0;
		};
		7203D257CB9C49DDADB56843 /* Check Pods Manifest.lock */ = {
			isa = PBXShellScriptBuildPhase;
			buildActionMask = 2147483647;
			files = (
			);
			inputPaths = (
			);
			name = "Check Pods Manifest.lock";
			outputPaths = (
			);
			runOnlyForDeploymentPostprocessing = 0;
			shellPath = /bin/sh;
			shellScript = "diff \"${PODS_ROOT}/../Podfile.lock\" \"${PODS_ROOT}/Manifest.lock\" > /dev/null\nif [[ $? != 0 ]] ; then\n    cat << EOM\nerror: The sandbox is not in sync with the Podfile.lock. Run 'pod install' or update your CocoaPods installation.\nEOM\n    exit 1\nfi\n";
			showEnvVarsInLog = 0;
		};
/* End PBXShellScriptBuildPhase section */

/* Begin PBXSourcesBuildPhase section */
		18EC3CB21A65F64B00AFD97F /* Sources */ = {
			isa = PBXSourcesBuildPhase;
			buildActionMask = 2147483647;
			files = (
				18EC3CF31A66047200AFD97F /* NameCreationViewController.m in Sources */,
				18EC3D191A70535600AFD97F /* RadialGradiantView.m in Sources */,
				18EC3CBF1A65F64B00AFD97F /* AppDelegate.m in Sources */,
				18EC3CC21A65F64C00AFD97F /* TheSetList.xcdatamodeld in Sources */,
				18EC3CBC1A65F64B00AFD97F /* main.m in Sources */,
				18EC3D071A6C67E200AFD97F /* SetListTableViewCell.m in Sources */,
				18EC3D001A67413B00AFD97F /* SetListRoomViewController.m in Sources */,
				18EC3D0B1A6C699400AFD97F /* SocketKeeperSingleton.m in Sources */,
				185A0A121A7EA2F8007F2177 /* Constants.m in Sources */,
			);
			runOnlyForDeploymentPostprocessing = 0;
		};
		18EC3CCE1A65F64C00AFD97F /* Sources */ = {
			isa = PBXSourcesBuildPhase;
			buildActionMask = 2147483647;
			files = (
				18EC3CD91A65F64C00AFD97F /* TheSetListTests.m in Sources */,
			);
			runOnlyForDeploymentPostprocessing = 0;
		};
/* End PBXSourcesBuildPhase section */

/* Begin PBXTargetDependency section */
		18EC3CD41A65F64C00AFD97F /* PBXTargetDependency */ = {
			isa = PBXTargetDependency;
			target = 18EC3CB51A65F64B00AFD97F /* TheSetList */;
			targetProxy = 18EC3CD31A65F64C00AFD97F /* PBXContainerItemProxy */;
		};
/* End PBXTargetDependency section */

/* Begin PBXVariantGroup section */
		18EC3CC61A65F64C00AFD97F /* Main.storyboard */ = {
			isa = PBXVariantGroup;
			children = (
				18EC3CC71A65F64C00AFD97F /* Base */,
			);
			name = Main.storyboard;
			sourceTree = "<group>";
		};
		18EC3CCB1A65F64C00AFD97F /* LaunchScreen.xib */ = {
			isa = PBXVariantGroup;
			children = (
				18EC3CCC1A65F64C00AFD97F /* Base */,
			);
			name = LaunchScreen.xib;
			sourceTree = "<group>";
		};
/* End PBXVariantGroup section */

/* Begin XCBuildConfiguration section */
		18EC3CDA1A65F64C00AFD97F /* Debug */ = {
			isa = XCBuildConfiguration;
			buildSettings = {
				ALWAYS_SEARCH_USER_PATHS = NO;
				CLANG_CXX_LANGUAGE_STANDARD = "gnu++0x";
				CLANG_CXX_LIBRARY = "libc++";
				CLANG_ENABLE_MODULES = YES;
				CLANG_ENABLE_OBJC_ARC = YES;
				CLANG_WARN_BOOL_CONVERSION = YES;
				CLANG_WARN_CONSTANT_CONVERSION = YES;
				CLANG_WARN_DIRECT_OBJC_ISA_USAGE = YES_ERROR;
				CLANG_WARN_EMPTY_BODY = YES;
				CLANG_WARN_ENUM_CONVERSION = YES;
				CLANG_WARN_INT_CONVERSION = YES;
				CLANG_WARN_OBJC_ROOT_CLASS = YES_ERROR;
				CLANG_WARN_UNREACHABLE_CODE = YES;
				CLANG_WARN__DUPLICATE_METHOD_MATCH = YES;
				"CODE_SIGN_IDENTITY[sdk=iphoneos*]" = "iPhone Developer";
				COPY_PHASE_STRIP = NO;
				ENABLE_STRICT_OBJC_MSGSEND = YES;
				GCC_C_LANGUAGE_STANDARD = gnu99;
				GCC_DYNAMIC_NO_PIC = NO;
				GCC_OPTIMIZATION_LEVEL = 0;
				GCC_PREPROCESSOR_DEFINITIONS = (
					"DEBUG=1",
					"$(inherited)",
				);
				GCC_SYMBOLS_PRIVATE_EXTERN = NO;
				GCC_WARN_64_TO_32_BIT_CONVERSION = YES;
				GCC_WARN_ABOUT_RETURN_TYPE = YES_ERROR;
				GCC_WARN_UNDECLARED_SELECTOR = YES;
				GCC_WARN_UNINITIALIZED_AUTOS = YES_AGGRESSIVE;
				GCC_WARN_UNUSED_FUNCTION = YES;
				GCC_WARN_UNUSED_VARIABLE = YES;
				IPHONEOS_DEPLOYMENT_TARGET = 8.1;
				MTL_ENABLE_DEBUG_INFO = YES;
				ONLY_ACTIVE_ARCH = YES;
				SDKROOT = iphoneos;
			};
			name = Debug;
		};
		18EC3CDB1A65F64C00AFD97F /* Release */ = {
			isa = XCBuildConfiguration;
			buildSettings = {
				ALWAYS_SEARCH_USER_PATHS = NO;
				CLANG_CXX_LANGUAGE_STANDARD = "gnu++0x";
				CLANG_CXX_LIBRARY = "libc++";
				CLANG_ENABLE_MODULES = YES;
				CLANG_ENABLE_OBJC_ARC = YES;
				CLANG_WARN_BOOL_CONVERSION = YES;
				CLANG_WARN_CONSTANT_CONVERSION = YES;
				CLANG_WARN_DIRECT_OBJC_ISA_USAGE = YES_ERROR;
				CLANG_WARN_EMPTY_BODY = YES;
				CLANG_WARN_ENUM_CONVERSION = YES;
				CLANG_WARN_INT_CONVERSION = YES;
				CLANG_WARN_OBJC_ROOT_CLASS = YES_ERROR;
				CLANG_WARN_UNREACHABLE_CODE = YES;
				CLANG_WARN__DUPLICATE_METHOD_MATCH = YES;
				"CODE_SIGN_IDENTITY[sdk=iphoneos*]" = "iPhone Developer";
				COPY_PHASE_STRIP = YES;
				ENABLE_NS_ASSERTIONS = NO;
				ENABLE_STRICT_OBJC_MSGSEND = YES;
				GCC_C_LANGUAGE_STANDARD = gnu99;
				GCC_WARN_64_TO_32_BIT_CONVERSION = YES;
				GCC_WARN_ABOUT_RETURN_TYPE = YES_ERROR;
				GCC_WARN_UNDECLARED_SELECTOR = YES;
				GCC_WARN_UNINITIALIZED_AUTOS = YES_AGGRESSIVE;
				GCC_WARN_UNUSED_FUNCTION = YES;
				GCC_WARN_UNUSED_VARIABLE = YES;
				IPHONEOS_DEPLOYMENT_TARGET = 8.1;
				MTL_ENABLE_DEBUG_INFO = NO;
				SDKROOT = iphoneos;
				VALIDATE_PRODUCT = YES;
			};
			name = Release;
		};
		18EC3CDD1A65F64C00AFD97F /* Debug */ = {
			isa = XCBuildConfiguration;
			baseConfigurationReference = 607F341F35CA4F98B365C0AC /* Pods.xcconfig */;
			buildSettings = {
				ASSETCATALOG_COMPILER_APPICON_NAME = AppIcon;
				CODE_SIGN_IDENTITY = "iPhone Developer";
				"CODE_SIGN_IDENTITY[sdk=iphoneos*]" = "iPhone Developer";
				INFOPLIST_FILE = TheSetList/Info.plist;
				LD_RUNPATH_SEARCH_PATHS = "$(inherited) @executable_path/Frameworks";
				PRODUCT_NAME = "$(TARGET_NAME)";
				PROVISIONING_PROFILE = "";
				TARGETED_DEVICE_FAMILY = 1;
			};
			name = Debug;
		};
		18EC3CDE1A65F64C00AFD97F /* Release */ = {
			isa = XCBuildConfiguration;
			baseConfigurationReference = 607F341F35CA4F98B365C0AC /* Pods.xcconfig */;
			buildSettings = {
				ASSETCATALOG_COMPILER_APPICON_NAME = AppIcon;
				CODE_SIGN_IDENTITY = "iPhone Developer";
				"CODE_SIGN_IDENTITY[sdk=iphoneos*]" = "iPhone Developer";
				INFOPLIST_FILE = TheSetList/Info.plist;
				LD_RUNPATH_SEARCH_PATHS = "$(inherited) @executable_path/Frameworks";
				PRODUCT_NAME = "$(TARGET_NAME)";
				PROVISIONING_PROFILE = "";
				TARGETED_DEVICE_FAMILY = 1;
			};
			name = Release;
		};
		18EC3CE01A65F64C00AFD97F /* Debug */ = {
			isa = XCBuildConfiguration;
			buildSettings = {
				BUNDLE_LOADER = "$(TEST_HOST)";
				FRAMEWORK_SEARCH_PATHS = (
					"$(SDKROOT)/Developer/Library/Frameworks",
					"$(inherited)",
				);
				GCC_PREPROCESSOR_DEFINITIONS = (
					"DEBUG=1",
					"$(inherited)",
				);
				INFOPLIST_FILE = TheSetListTests/Info.plist;
				LD_RUNPATH_SEARCH_PATHS = "$(inherited) @executable_path/Frameworks @loader_path/Frameworks";
				PRODUCT_NAME = "$(TARGET_NAME)";
				TEST_HOST = "$(BUILT_PRODUCTS_DIR)/TheSetList.app/TheSetList";
			};
			name = Debug;
		};
		18EC3CE11A65F64C00AFD97F /* Release */ = {
			isa = XCBuildConfiguration;
			buildSettings = {
				BUNDLE_LOADER = "$(TEST_HOST)";
				FRAMEWORK_SEARCH_PATHS = (
					"$(SDKROOT)/Developer/Library/Frameworks",
					"$(inherited)",
				);
				INFOPLIST_FILE = TheSetListTests/Info.plist;
				LD_RUNPATH_SEARCH_PATHS = "$(inherited) @executable_path/Frameworks @loader_path/Frameworks";
				PRODUCT_NAME = "$(TARGET_NAME)";
				TEST_HOST = "$(BUILT_PRODUCTS_DIR)/TheSetList.app/TheSetList";
			};
			name = Release;
		};
/* End XCBuildConfiguration section */

/* Begin XCConfigurationList section */
		18EC3CB11A65F64B00AFD97F /* Build configuration list for PBXProject "TheSetList" */ = {
			isa = XCConfigurationList;
			buildConfigurations = (
				18EC3CDA1A65F64C00AFD97F /* Debug */,
				18EC3CDB1A65F64C00AFD97F /* Release */,
			);
			defaultConfigurationIsVisible = 0;
			defaultConfigurationName = Release;
		};
		18EC3CDC1A65F64C00AFD97F /* Build configuration list for PBXNativeTarget "TheSetList" */ = {
			isa = XCConfigurationList;
			buildConfigurations = (
				18EC3CDD1A65F64C00AFD97F /* Debug */,
				18EC3CDE1A65F64C00AFD97F /* Release */,
			);
			defaultConfigurationIsVisible = 0;
			defaultConfigurationName = Release;
		};
		18EC3CDF1A65F64C00AFD97F /* Build configuration list for PBXNativeTarget "TheSetListTests" */ = {
			isa = XCConfigurationList;
			buildConfigurations = (
				18EC3CE01A65F64C00AFD97F /* Debug */,
				18EC3CE11A65F64C00AFD97F /* Release */,
			);
			defaultConfigurationIsVisible = 0;
			defaultConfigurationName = Release;
		};
/* End XCConfigurationList section */

/* Begin XCVersionGroup section */
		18EC3CC01A65F64C00AFD97F /* TheSetList.xcdatamodeld */ = {
			isa = XCVersionGroup;
			children = (
				18EC3CC11A65F64C00AFD97F /* TheSetList.xcdatamodel */,
			);
			currentVersion = 18EC3CC11A65F64C00AFD97F /* TheSetList.xcdatamodel */;
			path = TheSetList.xcdatamodeld;
			sourceTree = "<group>";
			versionGroupType = wrapper.xcdatamodel;
		};
/* End XCVersionGroup section */
	};
	rootObject = 18EC3CAE1A65F64B00AFD97F /* Project object */;
}
